
Microsoft Visual Studio Solution File, Format Version 12.00
# Visual Studio Version 16
VisualStudioVersion = 16.0.31624.102
MinimumVisualStudioVersion = 10.0.40219.1
Project("{8BC9CEB8-8B4A-11D0-8D11-00A0C91BC942}") = "Algorithms (binary tree)", "Algorithms (binary tree)\Algorithms (binary tree).vcxproj", "{DDC2B83B-841C-47CD-A1F1-FA087E8A34F0}"
EndProject
Global
	GlobalSection(SolutionConfigurationPlatforms) = preSolution
		Debug|x64 = Debug|x64
		Debug|x86 = Debug|x86
		Release|x64 = Release|x64
		Release|x86 = Release|x86
	EndGlobalSection
	GlobalSection(ProjectConfigurationPlatforms) = postSolution
		{DDC2B83B-841C-47CD-A1F1-FA087E8A34F0}.Debug|x64.ActiveCfg = Debug|x64
		{DDC2B83B-841C-47CD-A1F1-FA087E8A34F0}.Debug|x64.Build.0 = Debug|x64
		{DDC2B83B-841C-47CD-A1F1-FA087E8A34F0}.Debug|x86.ActiveCfg = Debug|Win32
		{DDC2B83B-841C-47CD-A1F1-FA087E8A34F0}.Debug|x86.Build.0 = Debug|Win32
		{DDC2B83B-841C-47CD-A1F1-FA087E8A34F0}.Release|x64.ActiveCfg = Release|x64
		{DDC2B83B-841C-47CD-A1F1-FA087E8A34F0}.Release|x64.Build.0 = Release|x64
		{DDC2B83B-841C-47CD-A1F1-FA087E8A34F0}.Release|x86.ActiveCfg = Release|Win32
		{DDC2B83B-841C-47CD-A1F1-FA087E8A34F0}.Release|x86.Build.0 = Release|Win32
	EndGlobalSection
	GlobalSection(SolutionProperties) = preSolution
		HideSolutionNode = FALSE
	EndGlobalSection
	GlobalSection(ExtensibilityGlobals) = postSolution
		SolutionGuid = {C2D514F5-34DA-4494-A9E3-84C2AB0F7275}
	EndGlobalSection
EndGlobal
